
Microsoft Visual Studio Solution File, Format Version 12.00
# Visual Studio Version 16
VisualStudioVersion = 16.0.31624.102
MinimumVisualStudioVersion = 10.0.40219.1
Project("{FAE04EC0-301F-11D3-BF4B-00C04F79EFBC}") = "ProductServiceDemo", "ProductServiceDemo\ProductServiceDemo.csproj", "{7D6C3372-C4EE-4228-A1DC-2FC71B612C62}"
EndProject
Project("{FAE04EC0-301F-11D3-BF4B-00C04F79EFBC}") = "WebHostDemo", "WebHostDemo\WebHostDemo.csproj", "{0957A4FE-3A17-4972-B118-6A2E4CFC7A18}"
EndProject
Project("{FAE04EC0-301F-11D3-BF4B-00C04F79EFBC}") = "WinFormsClient", "WinFormsClient\WinFormsClient.csproj", "{DD5BBCAA-D7DD-4012-A6C9-9D7E637A9FCF}"
	ProjectSection(ProjectDependencies) = postProject
		{0957A4FE-3A17-4972-B118-6A2E4CFC7A18} = {0957A4FE-3A17-4972-B118-6A2E4CFC7A18}
	EndProjectSection
EndProject
Global
	GlobalSection(SolutionConfigurationPlatforms) = preSolution
		Debug|Any CPU = Debug|Any CPU
		Release|Any CPU = Release|Any CPU
	EndGlobalSection
	GlobalSection(ProjectConfigurationPlatforms) = postSolution
		{7D6C3372-C4EE-4228-A1DC-2FC71B612C62}.Debug|Any CPU.ActiveCfg = Debug|Any CPU
		{7D6C3372-C4EE-4228-A1DC-2FC71B612C62}.Debug|Any CPU.Build.0 = Debug|Any CPU
		{7D6C3372-C4EE-4228-A1DC-2FC71B612C62}.Release|Any CPU.ActiveCfg = Release|Any CPU
		{7D6C3372-C4EE-4228-A1DC-2FC71B612C62}.Release|Any CPU.Build.0 = Release|Any CPU
		{0957A4FE-3A17-4972-B118-6A2E4CFC7A18}.Debug|Any CPU.ActiveCfg = Debug|Any CPU
		{0957A4FE-3A17-4972-B118-6A2E4CFC7A18}.Debug|Any CPU.Build.0 = Debug|Any CPU
		{0957A4FE-3A17-4972-B118-6A2E4CFC7A18}.Release|Any CPU.ActiveCfg = Release|Any CPU
		{0957A4FE-3A17-4972-B118-6A2E4CFC7A18}.Release|Any CPU.Build.0 = Release|Any CPU
		{DD5BBCAA-D7DD-4012-A6C9-9D7E637A9FCF}.Debug|Any CPU.ActiveCfg = Debug|Any CPU
		{DD5BBCAA-D7DD-4012-A6C9-9D7E637A9FCF}.Debug|Any CPU.Build.0 = Debug|Any CPU
		{DD5BBCAA-D7DD-4012-A6C9-9D7E637A9FCF}.Release|Any CPU.ActiveCfg = Release|Any CPU
		{DD5BBCAA-D7DD-4012-A6C9-9D7E637A9FCF}.Release|Any CPU.Build.0 = Release|Any CPU
	EndGlobalSection
	GlobalSection(SolutionProperties) = preSolution
		HideSolutionNode = FALSE
	EndGlobalSection
	GlobalSection(ExtensibilityGlobals) = postSolution
		SolutionGuid = {689DA1C1-39FA-4E96-9573-4FDA472ED7BE}
	EndGlobalSection
EndGlobal
